
Microsoft Visual Studio Solution File, Format Version 12.00
# Visual Studio 15
VisualStudioVersion = 15.0.27004.2005
MinimumVisualStudioVersion = 10.0.40219.1
Project("{8BC9CEB8-8B4A-11D0-8D11-00A0C91BC942}") = "FileSearch", "FileSearch\FileSearch.vcxproj", "{7AFE3D6A-D932-4F0D-9541-1D2AF76B7A02}"
EndProject
Project("{8BC9CEB8-8B4A-11D0-8D11-00A0C91BC942}") = "FilePArt", "FilePArt\FilePArt.vcxproj", "{0A4250F9-3A6E-4EF5-8A49-7BD38EE01D68}"
EndProject
Global
	GlobalSection(SolutionConfigurationPlatforms) = preSolution
		Debug|x64 = Debug|x64
		Debug|x86 = Debug|x86
		Release|x64 = Release|x64
		Release|x86 = Release|x86
	EndGlobalSection
	GlobalSection(ProjectConfigurationPlatforms) = postSolution
		{7AFE3D6A-D932-4F0D-9541-1D2AF76B7A02}.Debug|x64.ActiveCfg = Debug|x64
		{7AFE3D6A-D932-4F0D-9541-1D2AF76B7A02}.Debug|x64.Build.0 = Debug|x64
		{7AFE3D6A-D932-4F0D-9541-1D2AF76B7A02}.Debug|x86.ActiveCfg = Debug|Win32
		{7AFE3D6A-D932-4F0D-9541-1D2AF76B7A02}.Debug|x86.Build.0 = Debug|Win32
		{7AFE3D6A-D932-4F0D-9541-1D2AF76B7A02}.Release|x64.ActiveCfg = Release|x64
		{7AFE3D6A-D932-4F0D-9541-1D2AF76B7A02}.Release|x64.Build.0 = Release|x64
		{7AFE3D6A-D932-4F0D-9541-1D2AF76B7A02}.Release|x86.ActiveCfg = Release|Win32
		{7AFE3D6A-D932-4F0D-9541-1D2AF76B7A02}.Release|x86.Build.0 = Release|Win32
		{0A4250F9-3A6E-4EF5-8A49-7BD38EE01D68}.Debug|x64.ActiveCfg = Debug|x64
		{0A4250F9-3A6E-4EF5-8A49-7BD38EE01D68}.Debug|x64.Build.0 = Debug|x64
		{0A4250F9-3A6E-4EF5-8A49-7BD38EE01D68}.Debug|x86.ActiveCfg = Debug|Win32
		{0A4250F9-3A6E-4EF5-8A49-7BD38EE01D68}.Debug|x86.Build.0 = Debug|Win32
		{0A4250F9-3A6E-4EF5-8A49-7BD38EE01D68}.Release|x64.ActiveCfg = Release|x64
		{0A4250F9-3A6E-4EF5-8A49-7BD38EE01D68}.Release|x64.Build.0 = Release|x64
		{0A4250F9-3A6E-4EF5-8A49-7BD38EE01D68}.Release|x86.ActiveCfg = Release|Win32
		{0A4250F9-3A6E-4EF5-8A49-7BD38EE01D68}.Release|x86.Build.0 = Release|Win32
	EndGlobalSection
	GlobalSection(SolutionProperties) = preSolution
		HideSolutionNode = FALSE
	EndGlobalSection
	GlobalSection(ExtensibilityGlobals) = postSolution
		SolutionGuid = {0B691BFD-B9E1-4A82-9C0C-F2FAB8C2491F}
	EndGlobalSection
EndGlobal
